
Microsoft Visual Studio Solution File, Format Version 12.00
# Visual Studio Version 16
VisualStudioVersion = 16.0.32126.315
MinimumVisualStudioVersion = 10.0.40219.1
Project("{FAE04EC0-301F-11D3-BF4B-00C04F79EFBC}") = "TimerWinForms", "TimerWinForms\TimerWinForms.csproj", "{E1F9031C-A0E8-4219-970E-0078D4CD4D71}"
EndProject
Global
	GlobalSection(SolutionConfigurationPlatforms) = preSolution
		Debug|Any CPU = Debug|Any CPU
		Release|Any CPU = Release|Any CPU
	EndGlobalSection
	GlobalSection(ProjectConfigurationPlatforms) = postSolution
		{E1F9031C-A0E8-4219-970E-0078D4CD4D71}.Debug|Any CPU.ActiveCfg = Debug|Any CPU
		{E1F9031C-A0E8-4219-970E-0078D4CD4D71}.Debug|Any CPU.Build.0 = Debug|Any CPU
		{E1F9031C-A0E8-4219-970E-0078D4CD4D71}.Release|Any CPU.ActiveCfg = Release|Any CPU
		{E1F9031C-A0E8-4219-970E-0078D4CD4D71}.Release|Any CPU.Build.0 = Release|Any CPU
	EndGlobalSection
	GlobalSection(SolutionProperties) = preSolution
		HideSolutionNode = FALSE
	EndGlobalSection
	GlobalSection(ExtensibilityGlobals) = postSolution
		SolutionGuid = {2203F339-7EC8-4CB8-B71B-8B5C4A91A227}
	EndGlobalSection
EndGlobal
